
Microsoft Visual Studio Solution File, Format Version 12.00
# Visual Studio 14
VisualStudioVersion = 14.0.25420.1
MinimumVisualStudioVersion = 10.0.40219.1
Project("{FAE04EC0-301F-11D3-BF4B-00C04F79EFBC}") = "ETIK", "ETIK\ETIK.csproj", "{83CA8F2E-9874-4B60-8882-276D439DA625}"
EndProject
Project("{FAE04EC0-301F-11D3-BF4B-00C04F79EFBC}") = "Domain", "Domain\Domain.csproj", "{FFBD3107-C198-47AC-B46F-1882FFF28910}"
EndProject
Global
	GlobalSection(SolutionConfigurationPlatforms) = preSolution
		Debug|Any CPU = Debug|Any CPU
		Release|Any CPU = Release|Any CPU
	EndGlobalSection
	GlobalSection(ProjectConfigurationPlatforms) = postSolution
		{83CA8F2E-9874-4B60-8882-276D439DA625}.Debug|Any CPU.ActiveCfg = Debug|Any CPU
		{83CA8F2E-9874-4B60-8882-276D439DA625}.Debug|Any CPU.Build.0 = Debug|Any CPU
		{83CA8F2E-9874-4B60-8882-276D439DA625}.Release|Any CPU.ActiveCfg = Release|Any CPU
		{83CA8F2E-9874-4B60-8882-276D439DA625}.Release|Any CPU.Build.0 = Release|Any CPU
		{FFBD3107-C198-47AC-B46F-1882FFF28910}.Debug|Any CPU.ActiveCfg = Debug|Any CPU
		{FFBD3107-C198-47AC-B46F-1882FFF28910}.Debug|Any CPU.Build.0 = Debug|Any CPU
		{FFBD3107-C198-47AC-B46F-1882FFF28910}.Release|Any CPU.ActiveCfg = Release|Any CPU
		{FFBD3107-C198-47AC-B46F-1882FFF28910}.Release|Any CPU.Build.0 = Release|Any CPU
	EndGlobalSection
	GlobalSection(SolutionProperties) = preSolution
		HideSolutionNode = FALSE
	EndGlobalSection
EndGlobal
